
Microsoft Visual Studio Solution File, Format Version 12.00
# Visual Studio 15
Project("{FAE04EC0-301F-11D3-BF4B-00C04F79EFBC}") = "Assembly-CSharp", "Assembly-CSharp.csproj", "{C0F84E01-8EB4-720C-7907-01975BE0720E}"
EndProject
Project("{FAE04EC0-301F-11D3-BF4B-00C04F79EFBC}") = "Assembly-CSharp-Editor", "Assembly-CSharp-Editor.csproj", "{35692B1B-8CCE-ABF8-8EE4-17A5D3D27698}"
EndProject
Project("{FAE04EC0-301F-11D3-BF4B-00C04F79EFBC}") = "AimingRig", "AimingRig.csproj", "{D20EFA67-F394-AA81-2E8C-F3AEEFD132EE}"
EndProject
Global
	GlobalSection(SolutionConfigurationPlatforms) = preSolution
		Debug|Any CPU = Debug|Any CPU
		Release|Any CPU = Release|Any CPU
	EndGlobalSection
	GlobalSection(ProjectConfigurationPlatforms) = postSolution
		{C0F84E01-8EB4-720C-7907-01975BE0720E}.Debug|Any CPU.ActiveCfg = Debug|Any CPU
		{C0F84E01-8EB4-720C-7907-01975BE0720E}.Debug|Any CPU.Build.0 = Debug|Any CPU
		{C0F84E01-8EB4-720C-7907-01975BE0720E}.Release|Any CPU.ActiveCfg = Release|Any CPU
		{C0F84E01-8EB4-720C-7907-01975BE0720E}.Release|Any CPU.Build.0 = Release|Any CPU
		{35692B1B-8CCE-ABF8-8EE4-17A5D3D27698}.Debug|Any CPU.ActiveCfg = Debug|Any CPU
		{35692B1B-8CCE-ABF8-8EE4-17A5D3D27698}.Debug|Any CPU.Build.0 = Debug|Any CPU
		{35692B1B-8CCE-ABF8-8EE4-17A5D3D27698}.Release|Any CPU.ActiveCfg = Release|Any CPU
		{35692B1B-8CCE-ABF8-8EE4-17A5D3D27698}.Release|Any CPU.Build.0 = Release|Any CPU
		{D20EFA67-F394-AA81-2E8C-F3AEEFD132EE}.Debug|Any CPU.ActiveCfg = Debug|Any CPU
		{D20EFA67-F394-AA81-2E8C-F3AEEFD132EE}.Debug|Any CPU.Build.0 = Debug|Any CPU
		{D20EFA67-F394-AA81-2E8C-F3AEEFD132EE}.Release|Any CPU.ActiveCfg = Release|Any CPU
		{D20EFA67-F394-AA81-2E8C-F3AEEFD132EE}.Release|Any CPU.Build.0 = Release|Any CPU
	EndGlobalSection
	GlobalSection(SolutionProperties) = preSolution
		HideSolutionNode = FALSE
	EndGlobalSection
EndGlobal
